
Microsoft Visual Studio Solution File, Format Version 12.00
# Visual Studio Version 17
VisualStudioVersion = 17.13.35931.197
MinimumVisualStudioVersion = 10.0.40219.1
Project("{FAE04EC0-301F-11D3-BF4B-00C04F79EFBC}") = "Mechanic.Domain", "Domain\Mechanic.Domain.csproj", "{9D8E6438-411D-4C0A-96D5-ED7B93579EC3}"
EndProject
Project("{2150E333-8FDC-42A3-9474-1A3956D46DE8}") = "Domain", "Domain", "{02EA681E-C7D8-13C7-8484-4AC65E1B71E8}"
EndProject
Project("{2150E333-8FDC-42A3-9474-1A3956D46DE8}") = "Infrastructure", "Infrastructure", "{021F2DEC-711E-4D45-BD73-F4939FC19F65}"
EndProject
Project("{2150E333-8FDC-42A3-9474-1A3956D46DE8}") = "Application", "Application", "{0EA666C6-BCA7-4D1E-BE26-8109365E0F58}"
EndProject
Project("{FAE04EC0-301F-11D3-BF4B-00C04F79EFBC}") = "Mechanic.App", "App\Mechanic.App.csproj", "{C2D29D5C-B4A6-4FE0-9F92-81AF7FA61C40}"
EndProject
Project("{FAE04EC0-301F-11D3-BF4B-00C04F79EFBC}") = "IntegrationTests", "IntegrationTests\IntegrationTests.csproj", "{F3CEE161-5F5B-457E-A0E5-19B1655F7993}"
EndProject
Project("{FAE04EC0-301F-11D3-BF4B-00C04F79EFBC}") = "Mechanic.Infra", "Mechanic.Infra\Mechanic.Infra.csproj", "{336CAEC5-BDC2-4779-9A3C-C0A80F015605}"
EndProject
Project("{FAE04EC0-301F-11D3-BF4B-00C04F79EFBC}") = "Mechanic.EntityTests", "DomainLogicTests\Mechanic.EntityTests.csproj", "{33B79661-B3F2-2980-A48F-2249A0E11BFD}"
EndProject
Project("{FAE04EC0-301F-11D3-BF4B-00C04F79EFBC}") = "Mechanic.BusinessLogicTests", "BusinessLogicTests\Mechanic.BusinessLogicTests.csproj", "{822D24AF-6DC1-7B00-D7BB-8616990CCA8D}"
EndProject
Global
	GlobalSection(SolutionConfigurationPlatforms) = preSolution
		Debug|Any CPU = Debug|Any CPU
		Release|Any CPU = Release|Any CPU
	EndGlobalSection
	GlobalSection(ProjectConfigurationPlatforms) = postSolution
		{9D8E6438-411D-4C0A-96D5-ED7B93579EC3}.Debug|Any CPU.ActiveCfg = Debug|Any CPU
		{9D8E6438-411D-4C0A-96D5-ED7B93579EC3}.Debug|Any CPU.Build.0 = Debug|Any CPU
		{9D8E6438-411D-4C0A-96D5-ED7B93579EC3}.Release|Any CPU.ActiveCfg = Release|Any CPU
		{9D8E6438-411D-4C0A-96D5-ED7B93579EC3}.Release|Any CPU.Build.0 = Release|Any CPU
		{C2D29D5C-B4A6-4FE0-9F92-81AF7FA61C40}.Debug|Any CPU.ActiveCfg = Debug|Any CPU
		{C2D29D5C-B4A6-4FE0-9F92-81AF7FA61C40}.Debug|Any CPU.Build.0 = Debug|Any CPU
		{C2D29D5C-B4A6-4FE0-9F92-81AF7FA61C40}.Release|Any CPU.ActiveCfg = Release|Any CPU
		{C2D29D5C-B4A6-4FE0-9F92-81AF7FA61C40}.Release|Any CPU.Build.0 = Release|Any CPU
		{F3CEE161-5F5B-457E-A0E5-19B1655F7993}.Debug|Any CPU.ActiveCfg = Debug|Any CPU
		{F3CEE161-5F5B-457E-A0E5-19B1655F7993}.Debug|Any CPU.Build.0 = Debug|Any CPU
		{F3CEE161-5F5B-457E-A0E5-19B1655F7993}.Release|Any CPU.ActiveCfg = Release|Any CPU
		{F3CEE161-5F5B-457E-A0E5-19B1655F7993}.Release|Any CPU.Build.0 = Release|Any CPU
		{336CAEC5-BDC2-4779-9A3C-C0A80F015605}.Debug|Any CPU.ActiveCfg = Debug|Any CPU
		{336CAEC5-BDC2-4779-9A3C-C0A80F015605}.Debug|Any CPU.Build.0 = Debug|Any CPU
		{336CAEC5-BDC2-4779-9A3C-C0A80F015605}.Release|Any CPU.ActiveCfg = Release|Any CPU
		{336CAEC5-BDC2-4779-9A3C-C0A80F015605}.Release|Any CPU.Build.0 = Release|Any CPU
		{33B79661-B3F2-2980-A48F-2249A0E11BFD}.Debug|Any CPU.ActiveCfg = Debug|Any CPU
		{33B79661-B3F2-2980-A48F-2249A0E11BFD}.Debug|Any CPU.Build.0 = Debug|Any CPU
		{33B79661-B3F2-2980-A48F-2249A0E11BFD}.Release|Any CPU.ActiveCfg = Release|Any CPU
		{33B79661-B3F2-2980-A48F-2249A0E11BFD}.Release|Any CPU.Build.0 = Release|Any CPU
		{822D24AF-6DC1-7B00-D7BB-8616990CCA8D}.Debug|Any CPU.ActiveCfg = Debug|Any CPU
		{822D24AF-6DC1-7B00-D7BB-8616990CCA8D}.Debug|Any CPU.Build.0 = Debug|Any CPU
		{822D24AF-6DC1-7B00-D7BB-8616990CCA8D}.Release|Any CPU.ActiveCfg = Release|Any CPU
		{822D24AF-6DC1-7B00-D7BB-8616990CCA8D}.Release|Any CPU.Build.0 = Release|Any CPU
	EndGlobalSection
	GlobalSection(SolutionProperties) = preSolution
		HideSolutionNode = FALSE
	EndGlobalSection
	GlobalSection(NestedProjects) = preSolution
		{9D8E6438-411D-4C0A-96D5-ED7B93579EC3} = {02EA681E-C7D8-13C7-8484-4AC65E1B71E8}
		{C2D29D5C-B4A6-4FE0-9F92-81AF7FA61C40} = {0EA666C6-BCA7-4D1E-BE26-8109365E0F58}
		{336CAEC5-BDC2-4779-9A3C-C0A80F015605} = {021F2DEC-711E-4D45-BD73-F4939FC19F65}
		{33B79661-B3F2-2980-A48F-2249A0E11BFD} = {02EA681E-C7D8-13C7-8484-4AC65E1B71E8}
		{822D24AF-6DC1-7B00-D7BB-8616990CCA8D} = {021F2DEC-711E-4D45-BD73-F4939FC19F65}
	EndGlobalSection
	GlobalSection(ExtensibilityGlobals) = postSolution
		SolutionGuid = {2B50FA66-8B11-48C5-AE40-76A233CEA208}
	EndGlobalSection
EndGlobal
